// !$*UTF8*$!
{
	archiveVersion = 1;
	classes = {
	};
	objectVersion = 56;
	objects = {

/* Begin PBXBuildFile section */
		A507A9132C416E6E0086D823 /* RequestInfoModel.swift in Sources */ = {isa = PBXBuildFile; fileRef = A5537C802C3FF51700E2A7D5 /* RequestInfoModel.swift */; };
		A532FA552C43DEEF001D9ECB /* NetworkExtension.framework in Frameworks */ = {isa = PBXBuildFile; fileRef = A5537C692C3FC92000E2A7D5 /* NetworkExtension.framework */; };
		A532FA582C43DEEF001D9ECB /* FilterControlProvider.swift in Sources */ = {isa = PBXBuildFile; fileRef = A532FA572C43DEEF001D9ECB /* FilterControlProvider.swift */; };
		A532FA5D2C43DEEF001D9ECB /* NTFilterControlExt.appex in Embed Foundation Extensions */ = {isa = PBXBuildFile; fileRef = A532FA542C43DEEF001D9ECB /* NTFilterControlExt.appex */; settings = {ATTRIBUTES = (RemoveHeadersOnCopy, ); }; };
		A532FA612C43DFBF001D9ECB /* CoreDataManager.swift in Sources */ = {isa = PBXBuildFile; fileRef = A5D790102C42833700AFCA2E /* CoreDataManager.swift */; };
		A532FA622C43DFC4001D9ECB /* NetworkTracker.xcdatamodeld in Sources */ = {isa = PBXBuildFile; fileRef = A5537C542C3FC85400E2A7D5 /* NetworkTracker.xcdatamodeld */; };
		A532FA632C43DFCA001D9ECB /* QueryInfoEntity+CoreDataClass.swift in Sources */ = {isa = PBXBuildFile; fileRef = A5C1E8E82C4018DB009CF48B /* QueryInfoEntity+CoreDataClass.swift */; };
		A532FA642C43DFCC001D9ECB /* QueryInfoEntity+CoreDataProperties.swift in Sources */ = {isa = PBXBuildFile; fileRef = A5C1E8E92C4018DB009CF48B /* QueryInfoEntity+CoreDataProperties.swift */; };
		A5537C4C2C3FC85400E2A7D5 /* AppDelegate.swift in Sources */ = {isa = PBXBuildFile; fileRef = A5537C4B2C3FC85400E2A7D5 /* AppDelegate.swift */; };
		A5537C4E2C3FC85400E2A7D5 /* SceneDelegate.swift in Sources */ = {isa = PBXBuildFile; fileRef = A5537C4D2C3FC85400E2A7D5 /* SceneDelegate.swift */; };
		A5537C502C3FC85400E2A7D5 /* MainViewController.swift in Sources */ = {isa = PBXBuildFile; fileRef = A5537C4F2C3FC85400E2A7D5 /* MainViewController.swift */; };
		A5537C562C3FC85400E2A7D5 /* NetworkTracker.xcdatamodeld in Sources */ = {isa = PBXBuildFile; fileRef = A5537C542C3FC85400E2A7D5 /* NetworkTracker.xcdatamodeld */; };
		A5537C582C3FC85600E2A7D5 /* Assets.xcassets in Resources */ = {isa = PBXBuildFile; fileRef = A5537C572C3FC85600E2A7D5 /* Assets.xcassets */; };
		A5537C5B2C3FC85600E2A7D5 /* Base in Resources */ = {isa = PBXBuildFile; fileRef = A5537C5A2C3FC85600E2A7D5 /* Base */; };
		A5537C7F2C3FF31500E2A7D5 /* MainViewModel.swift in Sources */ = {isa = PBXBuildFile; fileRef = A5537C7E2C3FF31500E2A7D5 /* MainViewModel.swift */; };
		A5537C812C3FF51700E2A7D5 /* RequestInfoModel.swift in Sources */ = {isa = PBXBuildFile; fileRef = A5537C802C3FF51700E2A7D5 /* RequestInfoModel.swift */; };
		A5537C882C3FFDF100E2A7D5 /* EmptyView.swift in Sources */ = {isa = PBXBuildFile; fileRef = A5537C872C3FFDF100E2A7D5 /* EmptyView.swift */; };
		A5537C8A2C3FFEBA00E2A7D5 /* EmptyDataSource.swift in Sources */ = {isa = PBXBuildFile; fileRef = A5537C892C3FFEBA00E2A7D5 /* EmptyDataSource.swift */; };
		A5537C8D2C3FFF2F00E2A7D5 /* InfoCollectionViewCell.swift in Sources */ = {isa = PBXBuildFile; fileRef = A5537C8C2C3FFF2F00E2A7D5 /* InfoCollectionViewCell.swift */; };
		A5537C8F2C40010800E2A7D5 /* UILabel+init.swift in Sources */ = {isa = PBXBuildFile; fileRef = A5537C8E2C40010800E2A7D5 /* UILabel+init.swift */; };
		A5537C932C40016100E2A7D5 /* UIView+Shadow.swift in Sources */ = {isa = PBXBuildFile; fileRef = A5537C922C40016100E2A7D5 /* UIView+Shadow.swift */; };
		A59A2C2A2C44F9190025ECAD /* Constants.swift in Sources */ = {isa = PBXBuildFile; fileRef = A59A2C292C44F9190025ECAD /* Constants.swift */; };
		A59A2C2B2C44F9190025ECAD /* Constants.swift in Sources */ = {isa = PBXBuildFile; fileRef = A59A2C292C44F9190025ECAD /* Constants.swift */; };
		A59A2C2C2C44F9190025ECAD /* Constants.swift in Sources */ = {isa = PBXBuildFile; fileRef = A59A2C292C44F9190025ECAD /* Constants.swift */; };
		A59A2C302C44FD690025ECAD /* SettingsViewController.swift in Sources */ = {isa = PBXBuildFile; fileRef = A59A2C2F2C44FD690025ECAD /* SettingsViewController.swift */; };
		A59A2C342C44FEA80025ECAD /* UIViewController+Alert.swift in Sources */ = {isa = PBXBuildFile; fileRef = A59A2C332C44FEA80025ECAD /* UIViewController+Alert.swift */; };
		A59A2C372C4529070025ECAD /* UILabel+init.swift in Sources */ = {isa = PBXBuildFile; fileRef = A5537C8E2C40010800E2A7D5 /* UILabel+init.swift */; };
		A59A2C382C4529080025ECAD /* UILabel+init.swift in Sources */ = {isa = PBXBuildFile; fileRef = A5537C8E2C40010800E2A7D5 /* UILabel+init.swift */; };
		A59A2C392C4529120025ECAD /* UIViewController+Alert.swift in Sources */ = {isa = PBXBuildFile; fileRef = A59A2C332C44FEA80025ECAD /* UIViewController+Alert.swift */; };
		A59A2C3A2C4529130025ECAD /* UIViewController+Alert.swift in Sources */ = {isa = PBXBuildFile; fileRef = A59A2C332C44FEA80025ECAD /* UIViewController+Alert.swift */; };
		A59A2C872C467ABE0025ECAD /* NEFilterFlow+GetHost.swift in Sources */ = {isa = PBXBuildFile; fileRef = A59A2C862C467ABE0025ECAD /* NEFilterFlow+GetHost.swift */; };
		A59A2C882C467ABE0025ECAD /* NEFilterFlow+GetHost.swift in Sources */ = {isa = PBXBuildFile; fileRef = A59A2C862C467ABE0025ECAD /* NEFilterFlow+GetHost.swift */; };
		A59A2C8A2C467C5F0025ECAD /* AppDelegate+Notifications .swift in Sources */ = {isa = PBXBuildFile; fileRef = A59A2C892C467C5F0025ECAD /* AppDelegate+Notifications .swift */; };
		A59A2C922C4689D10025ECAD /* SettingsViewModel.swift in Sources */ = {isa = PBXBuildFile; fileRef = A59A2C912C4689D10025ECAD /* SettingsViewModel.swift */; };
		A5C1E8EA2C4018DB009CF48B /* QueryInfoEntity+CoreDataClass.swift in Sources */ = {isa = PBXBuildFile; fileRef = A5C1E8E82C4018DB009CF48B /* QueryInfoEntity+CoreDataClass.swift */; };
		A5C1E8EB2C4018DB009CF48B /* QueryInfoEntity+CoreDataProperties.swift in Sources */ = {isa = PBXBuildFile; fileRef = A5C1E8E92C4018DB009CF48B /* QueryInfoEntity+CoreDataProperties.swift */; };
		A5CB71D42C411D4200E0367E /* NetworkExtension.framework in Frameworks */ = {isa = PBXBuildFile; fileRef = A5537C692C3FC92000E2A7D5 /* NetworkExtension.framework */; };
		A5CB71D72C411D4200E0367E /* FilterDataProvider.swift in Sources */ = {isa = PBXBuildFile; fileRef = A5CB71D62C411D4200E0367E /* FilterDataProvider.swift */; };
		A5CB71DC2C411D4200E0367E /* NTFilterDataExt.appex in Embed Foundation Extensions */ = {isa = PBXBuildFile; fileRef = A5CB71D32C411D4200E0367E /* NTFilterDataExt.appex */; settings = {ATTRIBUTES = (RemoveHeadersOnCopy, ); }; };
		A5CB71E02C411D5200E0367E /* NetworkTracker.xcdatamodeld in Sources */ = {isa = PBXBuildFile; fileRef = A5537C542C3FC85400E2A7D5 /* NetworkTracker.xcdatamodeld */; };
		A5CB71E22C411D6100E0367E /* QueryInfoEntity+CoreDataClass.swift in Sources */ = {isa = PBXBuildFile; fileRef = A5C1E8E82C4018DB009CF48B /* QueryInfoEntity+CoreDataClass.swift */; };
		A5CB71E32C411D6300E0367E /* QueryInfoEntity+CoreDataProperties.swift in Sources */ = {isa = PBXBuildFile; fileRef = A5C1E8E92C4018DB009CF48B /* QueryInfoEntity+CoreDataProperties.swift */; };
		A5D790112C42833700AFCA2E /* CoreDataManager.swift in Sources */ = {isa = PBXBuildFile; fileRef = A5D790102C42833700AFCA2E /* CoreDataManager.swift */; };
		A5D790122C42833700AFCA2E /* CoreDataManager.swift in Sources */ = {isa = PBXBuildFile; fileRef = A5D790102C42833700AFCA2E /* CoreDataManager.swift */; };
/* End PBXBuildFile section */

/* Begin PBXContainerItemProxy section */
		A532FA5B2C43DEEF001D9ECB /* PBXContainerItemProxy */ = {
			isa = PBXContainerItemProxy;
			containerPortal = A5537C402C3FC85400E2A7D5 /* Project object */;
			proxyType = 1;
			remoteGlobalIDString = A532FA532C43DEEF001D9ECB;
			remoteInfo = NTFilterControlExt;
		};
		A5CB71DA2C411D4200E0367E /* PBXContainerItemProxy */ = {
			isa = PBXContainerItemProxy;
			containerPortal = A5537C402C3FC85400E2A7D5 /* Project object */;
			proxyType = 1;
			remoteGlobalIDString = A5CB71D22C411D4200E0367E;
			remoteInfo = NTFilterDataExt;
		};
/* End PBXContainerItemProxy section */

/* Begin PBXCopyFilesBuildPhase section */
		A5537C762C3FC92100E2A7D5 /* Embed Foundation Extensions */ = {
			isa = PBXCopyFilesBuildPhase;
			buildActionMask = 2147483647;
			dstPath = "";
			dstSubfolderSpec = 13;
			files = (
				A532FA5D2C43DEEF001D9ECB /* NTFilterControlExt.appex in Embed Foundation Extensions */,
				A5CB71DC2C411D4200E0367E /* NTFilterDataExt.appex in Embed Foundation Extensions */,
			);
			name = "Embed Foundation Extensions";
			runOnlyForDeploymentPostprocessing = 0;
		};
/* End PBXCopyFilesBuildPhase section */

/* Begin PBXFileReference section */
		A532FA542C43DEEF001D9ECB /* NTFilterControlExt.appex */ = {isa = PBXFileReference; explicitFileType = "wrapper.app-extension"; includeInIndex = 0; path = NTFilterControlExt.appex; sourceTree = BUILT_PRODUCTS_DIR; };
		A532FA572C43DEEF001D9ECB /* FilterControlProvider.swift */ = {isa = PBXFileReference; lastKnownFileType = sourcecode.swift; path = FilterControlProvider.swift; sourceTree = "<group>"; };
		A532FA592C43DEEF001D9ECB /* Info.plist */ = {isa = PBXFileReference; lastKnownFileType = text.plist.xml; path = Info.plist; sourceTree = "<group>"; };
		A532FA5A2C43DEEF001D9ECB /* NTFilterControlExt.entitlements */ = {isa = PBXFileReference; lastKnownFileType = text.plist.entitlements; path = NTFilterControlExt.entitlements; sourceTree = "<group>"; };
		A5537C482C3FC85400E2A7D5 /* NetworkTracker.app */ = {isa = PBXFileReference; explicitFileType = wrapper.application; includeInIndex = 0; path = NetworkTracker.app; sourceTree = BUILT_PRODUCTS_DIR; };
		A5537C4B2C3FC85400E2A7D5 /* AppDelegate.swift */ = {isa = PBXFileReference; lastKnownFileType = sourcecode.swift; path = AppDelegate.swift; sourceTree = "<group>"; };
		A5537C4D2C3FC85400E2A7D5 /* SceneDelegate.swift */ = {isa = PBXFileReference; lastKnownFileType = sourcecode.swift; path = SceneDelegate.swift; sourceTree = "<group>"; };
		A5537C4F2C3FC85400E2A7D5 /* MainViewController.swift */ = {isa = PBXFileReference; lastKnownFileType = sourcecode.swift; path = MainViewController.swift; sourceTree = "<group>"; };
		A5537C552C3FC85400E2A7D5 /* NetworkTracker.xcdatamodel */ = {isa = PBXFileReference; lastKnownFileType = wrapper.xcdatamodel; path = NetworkTracker.xcdatamodel; sourceTree = "<group>"; };
		A5537C572C3FC85600E2A7D5 /* Assets.xcassets */ = {isa = PBXFileReference; lastKnownFileType = folder.assetcatalog; path = Assets.xcassets; sourceTree = "<group>"; };
		A5537C5A2C3FC85600E2A7D5 /* Base */ = {isa = PBXFileReference; lastKnownFileType = file.storyboard; name = Base; path = Base.lproj/LaunchScreen.storyboard; sourceTree = "<group>"; };
		A5537C5C2C3FC85600E2A7D5 /* Info.plist */ = {isa = PBXFileReference; lastKnownFileType = text.plist.xml; path = Info.plist; sourceTree = "<group>"; };
		A5537C622C3FC8A200E2A7D5 /* NetworkTracker.entitlements */ = {isa = PBXFileReference; lastKnownFileType = text.plist.entitlements; path = NetworkTracker.entitlements; sourceTree = "<group>"; };
		A5537C692C3FC92000E2A7D5 /* NetworkExtension.framework */ = {isa = PBXFileReference; lastKnownFileType = wrapper.framework; name = NetworkExtension.framework; path = System/Library/Frameworks/NetworkExtension.framework; sourceTree = SDKROOT; };
		A5537C7E2C3FF31500E2A7D5 /* MainViewModel.swift */ = {isa = PBXFileReference; lastKnownFileType = sourcecode.swift; path = MainViewModel.swift; sourceTree = "<group>"; };
		A5537C802C3FF51700E2A7D5 /* RequestInfoModel.swift */ = {isa = PBXFileReference; lastKnownFileType = sourcecode.swift; path = RequestInfoModel.swift; sourceTree = "<group>"; };
		A5537C872C3FFDF100E2A7D5 /* EmptyView.swift */ = {isa = PBXFileReference; lastKnownFileType = sourcecode.swift; path = EmptyView.swift; sourceTree = "<group>"; };
		A5537C892C3FFEBA00E2A7D5 /* EmptyDataSource.swift */ = {isa = PBXFileReference; lastKnownFileType = sourcecode.swift; path = EmptyDataSource.swift; sourceTree = "<group>"; };
		A5537C8C2C3FFF2F00E2A7D5 /* InfoCollectionViewCell.swift */ = {isa = PBXFileReference; lastKnownFileType = sourcecode.swift; path = InfoCollectionViewCell.swift; sourceTree = "<group>"; };
		A5537C8E2C40010800E2A7D5 /* UILabel+init.swift */ = {isa = PBXFileReference; lastKnownFileType = sourcecode.swift; path = "UILabel+init.swift"; sourceTree = "<group>"; };
		A5537C922C40016100E2A7D5 /* UIView+Shadow.swift */ = {isa = PBXFileReference; lastKnownFileType = sourcecode.swift; path = "UIView+Shadow.swift"; sourceTree = "<group>"; };
		A59A2C292C44F9190025ECAD /* Constants.swift */ = {isa = PBXFileReference; lastKnownFileType = sourcecode.swift; path = Constants.swift; sourceTree = "<group>"; };
		A59A2C2F2C44FD690025ECAD /* SettingsViewController.swift */ = {isa = PBXFileReference; lastKnownFileType = sourcecode.swift; path = SettingsViewController.swift; sourceTree = "<group>"; };
		A59A2C332C44FEA80025ECAD /* UIViewController+Alert.swift */ = {isa = PBXFileReference; lastKnownFileType = sourcecode.swift; path = "UIViewController+Alert.swift"; sourceTree = "<group>"; };
		A59A2C862C467ABE0025ECAD /* NEFilterFlow+GetHost.swift */ = {isa = PBXFileReference; lastKnownFileType = sourcecode.swift; path = "NEFilterFlow+GetHost.swift"; sourceTree = "<group>"; };
		A59A2C892C467C5F0025ECAD /* AppDelegate+Notifications .swift */ = {isa = PBXFileReference; lastKnownFileType = sourcecode.swift; path = "AppDelegate+Notifications .swift"; sourceTree = "<group>"; };
		A59A2C912C4689D10025ECAD /* SettingsViewModel.swift */ = {isa = PBXFileReference; lastKnownFileType = sourcecode.swift; path = SettingsViewModel.swift; sourceTree = "<group>"; };
		A5C1E8E82C4018DB009CF48B /* QueryInfoEntity+CoreDataClass.swift */ = {isa = PBXFileReference; lastKnownFileType = sourcecode.swift; path = "QueryInfoEntity+CoreDataClass.swift"; sourceTree = "<group>"; };
		A5C1E8E92C4018DB009CF48B /* QueryInfoEntity+CoreDataProperties.swift */ = {isa = PBXFileReference; lastKnownFileType = sourcecode.swift; path = "QueryInfoEntity+CoreDataProperties.swift"; sourceTree = "<group>"; };
		A5CB71D32C411D4200E0367E /* NTFilterDataExt.appex */ = {isa = PBXFileReference; explicitFileType = "wrapper.app-extension"; includeInIndex = 0; path = NTFilterDataExt.appex; sourceTree = BUILT_PRODUCTS_DIR; };
		A5CB71D62C411D4200E0367E /* FilterDataProvider.swift */ = {isa = PBXFileReference; lastKnownFileType = sourcecode.swift; path = FilterDataProvider.swift; sourceTree = "<group>"; };
		A5CB71D82C411D4200E0367E /* Info.plist */ = {isa = PBXFileReference; lastKnownFileType = text.plist.xml; path = Info.plist; sourceTree = "<group>"; };
		A5CB71D92C411D4200E0367E /* NTFilterDataExt.entitlements */ = {isa = PBXFileReference; lastKnownFileType = text.plist.entitlements; path = NTFilterDataExt.entitlements; sourceTree = "<group>"; };
		A5D790102C42833700AFCA2E /* CoreDataManager.swift */ = {isa = PBXFileReference; lastKnownFileType = sourcecode.swift; path = CoreDataManager.swift; sourceTree = "<group>"; };
/* End PBXFileReference section */

/* Begin PBXFrameworksBuildPhase section */
		A532FA512C43DEEF001D9ECB /* Frameworks */ = {
			isa = PBXFrameworksBuildPhase;
			buildActionMask = 2147483647;
			files = (
				A532FA552C43DEEF001D9ECB /* NetworkExtension.framework in Frameworks */,
			);
			runOnlyForDeploymentPostprocessing = 0;
		};
		A5537C452C3FC85400E2A7D5 /* Frameworks */ = {
			isa = PBXFrameworksBuildPhase;
			buildActionMask = 2147483647;
			files = (
			);
			runOnlyForDeploymentPostprocessing = 0;
		};
		A5CB71D02C411D4200E0367E /* Frameworks */ = {
			isa = PBXFrameworksBuildPhase;
			buildActionMask = 2147483647;
			files = (
				A5CB71D42C411D4200E0367E /* NetworkExtension.framework in Frameworks */,
			);
			runOnlyForDeploymentPostprocessing = 0;
		};
/* End PBXFrameworksBuildPhase section */

/* Begin PBXGroup section */
		A532FA562C43DEEF001D9ECB /* NTFilterControlExt */ = {
			isa = PBXGroup;
			children = (
				A532FA572C43DEEF001D9ECB /* FilterControlProvider.swift */,
				A532FA592C43DEEF001D9ECB /* Info.plist */,
				A532FA5A2C43DEEF001D9ECB /* NTFilterControlExt.entitlements */,
			);
			path = NTFilterControlExt;
			sourceTree = "<group>";
		};
		A5537C3F2C3FC85400E2A7D5 = {
			isa = PBXGroup;
			children = (
				A5537C4A2C3FC85400E2A7D5 /* NetworkTracker */,
				A5CB71D52C411D4200E0367E /* NTFilterDataExt */,
				A532FA562C43DEEF001D9ECB /* NTFilterControlExt */,
				A5537C682C3FC92000E2A7D5 /* Frameworks */,
				A5537C492C3FC85400E2A7D5 /* Products */,
			);
			sourceTree = "<group>";
		};
		A5537C492C3FC85400E2A7D5 /* Products */ = {
			isa = PBXGroup;
			children = (
				A5537C482C3FC85400E2A7D5 /* NetworkTracker.app */,
				A5CB71D32C411D4200E0367E /* NTFilterDataExt.appex */,
				A532FA542C43DEEF001D9ECB /* NTFilterControlExt.appex */,
			);
			name = Products;
			sourceTree = "<group>";
		};
		A5537C4A2C3FC85400E2A7D5 /* NetworkTracker */ = {
			isa = PBXGroup;
			children = (
				A5537C7A2C3FCA8100E2A7D5 /* Application */,
				A5537C822C3FF6D500E2A7D5 /* Common */,
				A5C1E8E22C40182D009CF48B /* Services */,
				A5537C7C2C3FCAB200E2A7D5 /* Sources */,
				A5537C7B2C3FCA9700E2A7D5 /* Resources */,
			);
			path = NetworkTracker;
			sourceTree = "<group>";
		};
		A5537C682C3FC92000E2A7D5 /* Frameworks */ = {
			isa = PBXGroup;
			children = (
				A5537C692C3FC92000E2A7D5 /* NetworkExtension.framework */,
			);
			name = Frameworks;
			sourceTree = "<group>";
		};
		A5537C772C3FC9D400E2A7D5 /* Model */ = {
			isa = PBXGroup;
			children = (
				A5C1E8EE2C4018E3009CF48B /* Managed Objects */,
				A5537C802C3FF51700E2A7D5 /* RequestInfoModel.swift */,
			);
			path = Model;
			sourceTree = "<group>";
		};
		A5537C782C3FC9DE00E2A7D5 /* View */ = {
			isa = PBXGroup;
			children = (
				A5537C8B2C3FFEEB00E2A7D5 /* Cell */,
				A5537C862C3FFDDD00E2A7D5 /* EmptyState */,
				A5537C4F2C3FC85400E2A7D5 /* MainViewController.swift */,
			);
			path = View;
			sourceTree = "<group>";
		};
		A5537C792C3FC9E400E2A7D5 /* ViewModel */ = {
			isa = PBXGroup;
			children = (
				A5537C7E2C3FF31500E2A7D5 /* MainViewModel.swift */,
			);
			path = ViewModel;
			sourceTree = "<group>";
		};
		A5537C7A2C3FCA8100E2A7D5 /* Application */ = {
			isa = PBXGroup;
			children = (
				A5537C4B2C3FC85400E2A7D5 /* AppDelegate.swift */,
				A5537C4D2C3FC85400E2A7D5 /* SceneDelegate.swift */,
			);
			path = Application;
			sourceTree = "<group>";
		};
		A5537C7B2C3FCA9700E2A7D5 /* Resources */ = {
			isa = PBXGroup;
			children = (
				A5537C622C3FC8A200E2A7D5 /* NetworkTracker.entitlements */,
				A5537C572C3FC85600E2A7D5 /* Assets.xcassets */,
				A5537C592C3FC85600E2A7D5 /* LaunchScreen.storyboard */,
				A5537C5C2C3FC85600E2A7D5 /* Info.plist */,
				A5537C542C3FC85400E2A7D5 /* NetworkTracker.xcdatamodeld */,
			);
			path = Resources;
			sourceTree = "<group>";
		};
		A5537C7C2C3FCAB200E2A7D5 /* Sources */ = {
			isa = PBXGroup;
			children = (
				A59A2C2D2C44FD3A0025ECAD /* Main */,
				A59A2C2E2C44FD480025ECAD /* Settings */,
			);
			path = Sources;
			sourceTree = "<group>";
		};
		A5537C822C3FF6D500E2A7D5 /* Common */ = {
			isa = PBXGroup;
			children = (
				A5537C832C3FF6DC00E2A7D5 /* Extension */,
				A59A2C292C44F9190025ECAD /* Constants.swift */,
			);
			path = Common;
			sourceTree = "<group>";
		};
		A5537C832C3FF6DC00E2A7D5 /* Extension */ = {
			isa = PBXGroup;
			children = (
				A5537C8E2C40010800E2A7D5 /* UILabel+init.swift */,
				A5537C922C40016100E2A7D5 /* UIView+Shadow.swift */,
				A59A2C332C44FEA80025ECAD /* UIViewController+Alert.swift */,
				A59A2C862C467ABE0025ECAD /* NEFilterFlow+GetHost.swift */,
				A59A2C892C467C5F0025ECAD /* AppDelegate+Notifications .swift */,
			);
			path = Extension;
			sourceTree = "<group>";
		};
		A5537C862C3FFDDD00E2A7D5 /* EmptyState */ = {
			isa = PBXGroup;
			children = (
				A5537C872C3FFDF100E2A7D5 /* EmptyView.swift */,
				A5537C892C3FFEBA00E2A7D5 /* EmptyDataSource.swift */,
			);
			path = EmptyState;
			sourceTree = "<group>";
		};
		A5537C8B2C3FFEEB00E2A7D5 /* Cell */ = {
			isa = PBXGroup;
			children = (
				A5537C8C2C3FFF2F00E2A7D5 /* InfoCollectionViewCell.swift */,
			);
			path = Cell;
			sourceTree = "<group>";
		};
		A59A2C2D2C44FD3A0025ECAD /* Main */ = {
			isa = PBXGroup;
			children = (
				A5537C772C3FC9D400E2A7D5 /* Model */,
				A5537C792C3FC9E400E2A7D5 /* ViewModel */,
				A5537C782C3FC9DE00E2A7D5 /* View */,
			);
			path = Main;
			sourceTree = "<group>";
		};
		A59A2C2E2C44FD480025ECAD /* Settings */ = {
			isa = PBXGroup;
			children = (
				A59A2C902C4689BA0025ECAD /* ViewModel */,
				A59A2C8F2C4689B00025ECAD /* View */,
			);
			path = Settings;
			sourceTree = "<group>";
		};
		A59A2C8F2C4689B00025ECAD /* View */ = {
			isa = PBXGroup;
			children = (
				A59A2C2F2C44FD690025ECAD /* SettingsViewController.swift */,
			);
			path = View;
			sourceTree = "<group>";
		};
		A59A2C902C4689BA0025ECAD /* ViewModel */ = {
			isa = PBXGroup;
			children = (
				A59A2C912C4689D10025ECAD /* SettingsViewModel.swift */,
			);
			path = ViewModel;
			sourceTree = "<group>";
		};
		A5C1E8E22C40182D009CF48B /* Services */ = {
			isa = PBXGroup;
			children = (
				A5C1E8E32C401839009CF48B /* Core Data */,
			);
			path = Services;
			sourceTree = "<group>";
		};
		A5C1E8E32C401839009CF48B /* Core Data */ = {
			isa = PBXGroup;
			children = (
				A5D790102C42833700AFCA2E /* CoreDataManager.swift */,
			);
			path = "Core Data";
			sourceTree = "<group>";
		};
		A5C1E8EE2C4018E3009CF48B /* Managed Objects */ = {
			isa = PBXGroup;
			children = (
				A5C1E8E82C4018DB009CF48B /* QueryInfoEntity+CoreDataClass.swift */,
				A5C1E8E92C4018DB009CF48B /* QueryInfoEntity+CoreDataProperties.swift */,
			);
			path = "Managed Objects";
			sourceTree = "<group>";
		};
		A5CB71D52C411D4200E0367E /* NTFilterDataExt */ = {
			isa = PBXGroup;
			children = (
				A5CB71D62C411D4200E0367E /* FilterDataProvider.swift */,
				A5CB71D82C411D4200E0367E /* Info.plist */,
				A5CB71D92C411D4200E0367E /* NTFilterDataExt.entitlements */,
			);
			path = NTFilterDataExt;
			sourceTree = "<group>";
		};
/* End PBXGroup section */

/* Begin PBXNativeTarget section */
		A532FA532C43DEEF001D9ECB /* NTFilterControlExt */ = {
			isa = PBXNativeTarget;
			buildConfigurationList = A532FA5E2C43DEEF001D9ECB /* Build configuration list for PBXNativeTarget "NTFilterControlExt" */;
			buildPhases = (
				A532FA502C43DEEF001D9ECB /* Sources */,
				A532FA512C43DEEF001D9ECB /* Frameworks */,
				A532FA522C43DEEF001D9ECB /* Resources */,
			);
			buildRules = (
			);
			dependencies = (
			);
			name = NTFilterControlExt;
			productName = NTFilterControlExt;
			productReference = A532FA542C43DEEF001D9ECB /* NTFilterControlExt.appex */;
			productType = "com.apple.product-type.app-extension";
		};
		A5537C472C3FC85400E2A7D5 /* NetworkTracker */ = {
			isa = PBXNativeTarget;
			buildConfigurationList = A5537C5F2C3FC85600E2A7D5 /* Build configuration list for PBXNativeTarget "NetworkTracker" */;
			buildPhases = (
				A5537C442C3FC85400E2A7D5 /* Sources */,
				A5537C452C3FC85400E2A7D5 /* Frameworks */,
				A5537C462C3FC85400E2A7D5 /* Resources */,
				A5537C762C3FC92100E2A7D5 /* Embed Foundation Extensions */,
			);
			buildRules = (
			);
			dependencies = (
				A5CB71DB2C411D4200E0367E /* PBXTargetDependency */,
				A532FA5C2C43DEEF001D9ECB /* PBXTargetDependency */,
			);
			name = NetworkTracker;
			productName = NetworkTracker;
			productReference = A5537C482C3FC85400E2A7D5 /* NetworkTracker.app */;
			productType = "com.apple.product-type.application";
		};
		A5CB71D22C411D4200E0367E /* NTFilterDataExt */ = {
			isa = PBXNativeTarget;
			buildConfigurationList = A5CB71DF2C411D4200E0367E /* Build configuration list for PBXNativeTarget "NTFilterDataExt" */;
			buildPhases = (
				A5CB71CF2C411D4200E0367E /* Sources */,
				A5CB71D02C411D4200E0367E /* Frameworks */,
				A5CB71D12C411D4200E0367E /* Resources */,
			);
			buildRules = (
			);
			dependencies = (
			);
			name = NTFilterDataExt;
			productName = NTFilterDataExt;
			productReference = A5CB71D32C411D4200E0367E /* NTFilterDataExt.appex */;
			productType = "com.apple.product-type.app-extension";
		};
/* End PBXNativeTarget section */

/* Begin PBXProject section */
		A5537C402C3FC85400E2A7D5 /* Project object */ = {
			isa = PBXProject;
			attributes = {
				BuildIndependentTargetsInParallel = 1;
				LastSwiftUpdateCheck = 1540;
				LastUpgradeCheck = 1540;
				TargetAttributes = {
					A532FA532C43DEEF001D9ECB = {
						CreatedOnToolsVersion = 15.4;
					};
					A5537C472C3FC85400E2A7D5 = {
						CreatedOnToolsVersion = 15.4;
					};
					A5CB71D22C411D4200E0367E = {
						CreatedOnToolsVersion = 15.4;
					};
				};
			};
			buildConfigurationList = A5537C432C3FC85400E2A7D5 /* Build configuration list for PBXProject "NetworkTracker" */;
			compatibilityVersion = "Xcode 14.0";
			developmentRegion = en;
			hasScannedForEncodings = 0;
			knownRegions = (
				en,
				Base,
			);
			mainGroup = A5537C3F2C3FC85400E2A7D5;
			productRefGroup = A5537C492C3FC85400E2A7D5 /* Products */;
			projectDirPath = "";
			projectRoot = "";
			targets = (
				A5537C472C3FC85400E2A7D5 /* NetworkTracker */,
				A5CB71D22C411D4200E0367E /* NTFilterDataExt */,
				A532FA532C43DEEF001D9ECB /* NTFilterControlExt */,
			);
		};
/* End PBXProject section */

/* Begin PBXResourcesBuildPhase section */
		A532FA522C43DEEF001D9ECB /* Resources */ = {
			isa = PBXResourcesBuildPhase;
			buildActionMask = 2147483647;
			files = (
			);
			runOnlyForDeploymentPostprocessing = 0;
		};
		A5537C462C3FC85400E2A7D5 /* Resources */ = {
			isa = PBXResourcesBuildPhase;
			buildActionMask = 2147483647;
			files = (
				A5537C582C3FC85600E2A7D5 /* Assets.xcassets in Resources */,
				A5537C5B2C3FC85600E2A7D5 /* Base in Resources */,
			);
			runOnlyForDeploymentPostprocessing = 0;
		};
		A5CB71D12C411D4200E0367E /* Resources */ = {
			isa = PBXResourcesBuildPhase;
			buildActionMask = 2147483647;
			files = (
			);
			runOnlyForDeploymentPostprocessing = 0;
		};
/* End PBXResourcesBuildPhase section */

/* Begin PBXSourcesBuildPhase section */
		A532FA502C43DEEF001D9ECB /* Sources */ = {
			isa = PBXSourcesBuildPhase;
			buildActionMask = 2147483647;
			files = (
				A59A2C3A2C4529130025ECAD /* UIViewController+Alert.swift in Sources */,
				A532FA622C43DFC4001D9ECB /* NetworkTracker.xcdatamodeld in Sources */,
				A532FA632C43DFCA001D9ECB /* QueryInfoEntity+CoreDataClass.swift in Sources */,
				A59A2C382C4529080025ECAD /* UILabel+init.swift in Sources */,
				A532FA612C43DFBF001D9ECB /* CoreDataManager.swift in Sources */,
				A532FA642C43DFCC001D9ECB /* QueryInfoEntity+CoreDataProperties.swift in Sources */,
				A59A2C882C467ABE0025ECAD /* NEFilterFlow+GetHost.swift in Sources */,
				A532FA582C43DEEF001D9ECB /* FilterControlProvider.swift in Sources */,
				A59A2C2C2C44F9190025ECAD /* Constants.swift in Sources */,
			);
			runOnlyForDeploymentPostprocessing = 0;
		};
		A5537C442C3FC85400E2A7D5 /* Sources */ = {
			isa = PBXSourcesBuildPhase;
			buildActionMask = 2147483647;
			files = (
				A59A2C8A2C467C5F0025ECAD /* AppDelegate+Notifications .swift in Sources */,
				A5537C812C3FF51700E2A7D5 /* RequestInfoModel.swift in Sources */,
				A59A2C2A2C44F9190025ECAD /* Constants.swift in Sources */,
				A5537C7F2C3FF31500E2A7D5 /* MainViewModel.swift in Sources */,
				A5C1E8EA2C4018DB009CF48B /* QueryInfoEntity+CoreDataClass.swift in Sources */,
				A5C1E8EB2C4018DB009CF48B /* QueryInfoEntity+CoreDataProperties.swift in Sources */,
				A5D790112C42833700AFCA2E /* CoreDataManager.swift in Sources */,
				A5537C8A2C3FFEBA00E2A7D5 /* EmptyDataSource.swift in Sources */,
				A5537C502C3FC85400E2A7D5 /* MainViewController.swift in Sources */,
				A5537C932C40016100E2A7D5 /* UIView+Shadow.swift in Sources */,
				A5537C562C3FC85400E2A7D5 /* NetworkTracker.xcdatamodeld in Sources */,
				A5537C4C2C3FC85400E2A7D5 /* AppDelegate.swift in Sources */,
				A59A2C872C467ABE0025ECAD /* NEFilterFlow+GetHost.swift in Sources */,
				A5537C8D2C3FFF2F00E2A7D5 /* InfoCollectionViewCell.swift in Sources */,
				A5537C882C3FFDF100E2A7D5 /* EmptyView.swift in Sources */,
				A5537C8F2C40010800E2A7D5 /* UILabel+init.swift in Sources */,
				A59A2C342C44FEA80025ECAD /* UIViewController+Alert.swift in Sources */,
				A5537C4E2C3FC85400E2A7D5 /* SceneDelegate.swift in Sources */,
				A59A2C302C44FD690025ECAD /* SettingsViewController.swift in Sources */,
				A59A2C922C4689D10025ECAD /* SettingsViewModel.swift in Sources */,
			);
			runOnlyForDeploymentPostprocessing = 0;
		};
		A5CB71CF2C411D4200E0367E /* Sources */ = {
			isa = PBXSourcesBuildPhase;
			buildActionMask = 2147483647;
			files = (
				A507A9132C416E6E0086D823 /* RequestInfoModel.swift in Sources */,
				A5CB71E22C411D6100E0367E /* QueryInfoEntity+CoreDataClass.swift in Sources */,
				A5CB71D72C411D4200E0367E /* FilterDataProvider.swift in Sources */,
				A5CB71E32C411D6300E0367E /* QueryInfoEntity+CoreDataProperties.swift in Sources */,
				A59A2C372C4529070025ECAD /* UILabel+init.swift in Sources */,
				A59A2C392C4529120025ECAD /* UIViewController+Alert.swift in Sources */,
				A59A2C2B2C44F9190025ECAD /* Constants.swift in Sources */,
				A5D790122C42833700AFCA2E /* CoreDataManager.swift in Sources */,
				A5CB71E02C411D5200E0367E /* NetworkTracker.xcdatamodeld in Sources */,
			);
			runOnlyForDeploymentPostprocessing = 0;
		};
/* End PBXSourcesBuildPhase section */

/* Begin PBXTargetDependency section */
		A532FA5C2C43DEEF001D9ECB /* PBXTargetDependency */ = {
			isa = PBXTargetDependency;
			target = A532FA532C43DEEF001D9ECB /* NTFilterControlExt */;
			targetProxy = A532FA5B2C43DEEF001D9ECB /* PBXContainerItemProxy */;
		};
		A5CB71DB2C411D4200E0367E /* PBXTargetDependency */ = {
			isa = PBXTargetDependency;
			target = A5CB71D22C411D4200E0367E /* NTFilterDataExt */;
			targetProxy = A5CB71DA2C411D4200E0367E /* PBXContainerItemProxy */;
		};
/* End PBXTargetDependency section */

/* Begin PBXVariantGroup section */
		A5537C592C3FC85600E2A7D5 /* LaunchScreen.storyboard */ = {
			isa = PBXVariantGroup;
			children = (
				A5537C5A2C3FC85600E2A7D5 /* Base */,
			);
			name = LaunchScreen.storyboard;
			sourceTree = "<group>";
		};
/* End PBXVariantGroup section */

/* Begin XCBuildConfiguration section */
		A532FA5F2C43DEEF001D9ECB /* Debug */ = {
			isa = XCBuildConfiguration;
			buildSettings = {
				CODE_SIGN_ENTITLEMENTS = NTFilterControlExt/NTFilterControlExt.entitlements;
				CODE_SIGN_STYLE = Automatic;
				CURRENT_PROJECT_VERSION = 1;
				DEVELOPMENT_TEAM = H32J47ML7Z;
				GENERATE_INFOPLIST_FILE = YES;
				INFOPLIST_FILE = NTFilterControlExt/Info.plist;
				INFOPLIST_KEY_CFBundleDisplayName = NTFilterControlExt;
				INFOPLIST_KEY_NSHumanReadableCopyright = "";
				IPHONEOS_DEPLOYMENT_TARGET = 17.5;
				LD_RUNPATH_SEARCH_PATHS = (
					"$(inherited)",
					"@executable_path/Frameworks",
					"@executable_path/../../Frameworks",
				);
				MARKETING_VERSION = 1.0;
				PRODUCT_BUNDLE_IDENTIFIER = com.pysarenkodev.NetworkTracker.NTFilterControlExt;
				PRODUCT_NAME = "$(TARGET_NAME)";
				SKIP_INSTALL = YES;
				SWIFT_EMIT_LOC_STRINGS = YES;
				SWIFT_VERSION = 5.0;
				TARGETED_DEVICE_FAMILY = "1,2";
			};
			name = Debug;
		};
		A532FA602C43DEEF001D9ECB /* Release */ = {
			isa = XCBuildConfiguration;
			buildSettings = {
				CODE_SIGN_ENTITLEMENTS = NTFilterControlExt/NTFilterControlExt.entitlements;
				CODE_SIGN_STYLE = Automatic;
				CURRENT_PROJECT_VERSION = 1;
				DEVELOPMENT_TEAM = H32J47ML7Z;
				GENERATE_INFOPLIST_FILE = YES;
				INFOPLIST_FILE = NTFilterControlExt/Info.plist;
				INFOPLIST_KEY_CFBundleDisplayName = NTFilterControlExt;
				INFOPLIST_KEY_NSHumanReadableCopyright = "";
				IPHONEOS_DEPLOYMENT_TARGET = 17.5;
				LD_RUNPATH_SEARCH_PATHS = (
					"$(inherited)",
					"@executable_path/Frameworks",
					"@executable_path/../../Frameworks",
				);
				MARKETING_VERSION = 1.0;
				PRODUCT_BUNDLE_IDENTIFIER = com.pysarenkodev.NetworkTracker.NTFilterControlExt;
				PRODUCT_NAME = "$(TARGET_NAME)";
				SKIP_INSTALL = YES;
				SWIFT_EMIT_LOC_STRINGS = YES;
				SWIFT_VERSION = 5.0;
				TARGETED_DEVICE_FAMILY = "1,2";
			};
			name = Release;
		};
		A5537C5D2C3FC85600E2A7D5 /* Debug */ = {
			isa = XCBuildConfiguration;
			buildSettings = {
				ALWAYS_SEARCH_USER_PATHS = NO;
				ASSETCATALOG_COMPILER_GENERATE_SWIFT_ASSET_SYMBOL_EXTENSIONS = YES;
				CLANG_ANALYZER_NONNULL = YES;
				CLANG_ANALYZER_NUMBER_OBJECT_CONVERSION = YES_AGGRESSIVE;
				CLANG_CXX_LANGUAGE_STANDARD = "gnu++20";
				CLANG_ENABLE_MODULES = YES;
				CLANG_ENABLE_OBJC_ARC = YES;
				CLANG_ENABLE_OBJC_WEAK = YES;
				CLANG_WARN_BLOCK_CAPTURE_AUTORELEASING = YES;
				CLANG_WARN_BOOL_CONVERSION = YES;
				CLANG_WARN_COMMA = YES;
				CLANG_WARN_CONSTANT_CONVERSION = YES;
				CLANG_WARN_DEPRECATED_OBJC_IMPLEMENTATIONS = YES;
				CLANG_WARN_DIRECT_OBJC_ISA_USAGE = YES_ERROR;
				CLANG_WARN_DOCUMENTATION_COMMENTS = YES;
				CLANG_WARN_EMPTY_BODY = YES;
				CLANG_WARN_ENUM_CONVERSION = YES;
				CLANG_WARN_INFINITE_RECURSION = YES;
				CLANG_WARN_INT_CONVERSION = YES;
				CLANG_WARN_NON_LITERAL_NULL_CONVERSION = YES;
				CLANG_WARN_OBJC_IMPLICIT_RETAIN_SELF = YES;
				CLANG_WARN_OBJC_LITERAL_CONVERSION = YES;
				CLANG_WARN_OBJC_ROOT_CLASS = YES_ERROR;
				CLANG_WARN_QUOTED_INCLUDE_IN_FRAMEWORK_HEADER = YES;
				CLANG_WARN_RANGE_LOOP_ANALYSIS = YES;
				CLANG_WARN_STRICT_PROTOTYPES = YES;
				CLANG_WARN_SUSPICIOUS_MOVE = YES;
				CLANG_WARN_UNGUARDED_AVAILABILITY = YES_AGGRESSIVE;
				CLANG_WARN_UNREACHABLE_CODE = YES;
				CLANG_WARN__DUPLICATE_METHOD_MATCH = YES;
				COPY_PHASE_STRIP = NO;
				DEBUG_INFORMATION_FORMAT = dwarf;
				ENABLE_STRICT_OBJC_MSGSEND = YES;
				ENABLE_TESTABILITY = YES;
				ENABLE_USER_SCRIPT_SANDBOXING = YES;
				GCC_C_LANGUAGE_STANDARD = gnu17;
				GCC_DYNAMIC_NO_PIC = NO;
				GCC_NO_COMMON_BLOCKS = YES;
				GCC_OPTIMIZATION_LEVEL = 0;
				GCC_PREPROCESSOR_DEFINITIONS = (
					"DEBUG=1",
					"$(inherited)",
				);
				GCC_WARN_64_TO_32_BIT_CONVERSION = YES;
				GCC_WARN_ABOUT_RETURN_TYPE = YES_ERROR;
				GCC_WARN_UNDECLARED_SELECTOR = YES;
				GCC_WARN_UNINITIALIZED_AUTOS = YES_AGGRESSIVE;
				GCC_WARN_UNUSED_FUNCTION = YES;
				GCC_WARN_UNUSED_VARIABLE = YES;
				IPHONEOS_DEPLOYMENT_TARGET = 16.0;
				LOCALIZATION_PREFERS_STRING_CATALOGS = YES;
				MTL_ENABLE_DEBUG_INFO = INCLUDE_SOURCE;
				MTL_FAST_MATH = YES;
				ONLY_ACTIVE_ARCH = YES;
				SDKROOT = iphoneos;
				SWIFT_ACTIVE_COMPILATION_CONDITIONS = "DEBUG $(inherited)";
				SWIFT_OPTIMIZATION_LEVEL = "-Onone";
			};
			name = Debug;
		};
		A5537C5E2C3FC85600E2A7D5 /* Release */ = {
			isa = XCBuildConfiguration;
			buildSettings = {
				ALWAYS_SEARCH_USER_PATHS = NO;
				ASSETCATALOG_COMPILER_GENERATE_SWIFT_ASSET_SYMBOL_EXTENSIONS = YES;
				CLANG_ANALYZER_NONNULL = YES;
				CLANG_ANALYZER_NUMBER_OBJECT_CONVERSION = YES_AGGRESSIVE;
				CLANG_CXX_LANGUAGE_STANDARD = "gnu++20";
				CLANG_ENABLE_MODULES = YES;
				CLANG_ENABLE_OBJC_ARC = YES;
				CLANG_ENABLE_OBJC_WEAK = YES;
				CLANG_WARN_BLOCK_CAPTURE_AUTORELEASING = YES;
				CLANG_WARN_BOOL_CONVERSION = YES;
				CLANG_WARN_COMMA = YES;
				CLANG_WARN_CONSTANT_CONVERSION = YES;
				CLANG_WARN_DEPRECATED_OBJC_IMPLEMENTATIONS = YES;
				CLANG_WARN_DIRECT_OBJC_ISA_USAGE = YES_ERROR;
				CLANG_WARN_DOCUMENTATION_COMMENTS = YES;
				CLANG_WARN_EMPTY_BODY = YES;
				CLANG_WARN_ENUM_CONVERSION = YES;
				CLANG_WARN_INFINITE_RECURSION = YES;
				CLANG_WARN_INT_CONVERSION = YES;
				CLANG_WARN_NON_LITERAL_NULL_CONVERSION = YES;
				CLANG_WARN_OBJC_IMPLICIT_RETAIN_SELF = YES;
				CLANG_WARN_OBJC_LITERAL_CONVERSION = YES;
				CLANG_WARN_OBJC_ROOT_CLASS = YES_ERROR;
				CLANG_WARN_QUOTED_INCLUDE_IN_FRAMEWORK_HEADER = YES;
				CLANG_WARN_RANGE_LOOP_ANALYSIS = YES;
				CLANG_WARN_STRICT_PROTOTYPES = YES;
				CLANG_WARN_SUSPICIOUS_MOVE = YES;
				CLANG_WARN_UNGUARDED_AVAILABILITY = YES_AGGRESSIVE;
				CLANG_WARN_UNREACHABLE_CODE = YES;
				CLANG_WARN__DUPLICATE_METHOD_MATCH = YES;
				COPY_PHASE_STRIP = NO;
				DEBUG_INFORMATION_FORMAT = "dwarf-with-dsym";
				ENABLE_NS_ASSERTIONS = NO;
				ENABLE_STRICT_OBJC_MSGSEND = YES;
				ENABLE_USER_SCRIPT_SANDBOXING = YES;
				GCC_C_LANGUAGE_STANDARD = gnu17;
				GCC_NO_COMMON_BLOCKS = YES;
				GCC_WARN_64_TO_32_BIT_CONVERSION = YES;
				GCC_WARN_ABOUT_RETURN_TYPE = YES_ERROR;
				GCC_WARN_UNDECLARED_SELECTOR = YES;
				GCC_WARN_UNINITIALIZED_AUTOS = YES_AGGRESSIVE;
				GCC_WARN_UNUSED_FUNCTION = YES;
				GCC_WARN_UNUSED_VARIABLE = YES;
				IPHONEOS_DEPLOYMENT_TARGET = 16.0;
				LOCALIZATION_PREFERS_STRING_CATALOGS = YES;
				MTL_ENABLE_DEBUG_INFO = NO;
				MTL_FAST_MATH = YES;
				SDKROOT = iphoneos;
				SWIFT_COMPILATION_MODE = wholemodule;
				VALIDATE_PRODUCT = YES;
			};
			name = Release;
		};
		A5537C602C3FC85600E2A7D5 /* Debug */ = {
			isa = XCBuildConfiguration;
			buildSettings = {
				ALWAYS_EMBED_SWIFT_STANDARD_LIBRARIES = YES;
				ASSETCATALOG_COMPILER_APPICON_NAME = AppIcon;
				ASSETCATALOG_COMPILER_GLOBAL_ACCENT_COLOR_NAME = AccentColor;
				CODE_SIGN_ENTITLEMENTS = NetworkTracker/NetworkTracker.entitlements;
				CODE_SIGN_STYLE = Automatic;
				CURRENT_PROJECT_VERSION = 1;
				DEVELOPMENT_TEAM = H32J47ML7Z;
				GENERATE_INFOPLIST_FILE = YES;
				INFOPLIST_FILE = NetworkTracker/Resources/Info.plist;
				INFOPLIST_KEY_NSUserTrackingUsageDescription = "We need to track your activity";
				INFOPLIST_KEY_UIApplicationSupportsIndirectInputEvents = YES;
				INFOPLIST_KEY_UILaunchStoryboardName = LaunchScreen;
				INFOPLIST_KEY_UISupportedInterfaceOrientations = UIInterfaceOrientationPortrait;
				INFOPLIST_KEY_UISupportedInterfaceOrientations_iPad = "UIInterfaceOrientationLandscapeLeft UIInterfaceOrientationLandscapeRight UIInterfaceOrientationPortrait UIInterfaceOrientationPortraitUpsideDown";
				IPHONEOS_DEPLOYMENT_TARGET = 16.0;
				LD_RUNPATH_SEARCH_PATHS = (
					"$(inherited)",
					"@executable_path/Frameworks",
				);
				MARKETING_VERSION = 1.0;
				PRODUCT_BUNDLE_IDENTIFIER = com.pysarenkodev.NetworkTracker;
				PRODUCT_NAME = "$(TARGET_NAME)";
				SWIFT_EMIT_LOC_STRINGS = YES;
				SWIFT_VERSION = 5.0;
				TARGETED_DEVICE_FAMILY = "1,2";
			};
			name = Debug;
		};
		A5537C612C3FC85600E2A7D5 /* Release */ = {
			isa = XCBuildConfiguration;
			buildSettings = {
				ALWAYS_EMBED_SWIFT_STANDARD_LIBRARIES = YES;
				ASSETCATALOG_COMPILER_APPICON_NAME = AppIcon;
				ASSETCATALOG_COMPILER_GLOBAL_ACCENT_COLOR_NAME = AccentColor;
				CODE_SIGN_ENTITLEMENTS = NetworkTracker/NetworkTracker.entitlements;
				CODE_SIGN_STYLE = Automatic;
				CURRENT_PROJECT_VERSION = 1;
				DEVELOPMENT_TEAM = H32J47ML7Z;
				GENERATE_INFOPLIST_FILE = YES;
				INFOPLIST_FILE = NetworkTracker/Resources/Info.plist;
				INFOPLIST_KEY_NSUserTrackingUsageDescription = "We need to track your activity";
				INFOPLIST_KEY_UIApplicationSupportsIndirectInputEvents = YES;
				INFOPLIST_KEY_UILaunchStoryboardName = LaunchScreen;
				INFOPLIST_KEY_UISupportedInterfaceOrientations = UIInterfaceOrientationPortrait;
				INFOPLIST_KEY_UISupportedInterfaceOrientations_iPad = "UIInterfaceOrientationLandscapeLeft UIInterfaceOrientationLandscapeRight UIInterfaceOrientationPortrait UIInterfaceOrientationPortraitUpsideDown";
				IPHONEOS_DEPLOYMENT_TARGET = 16.0;
				LD_RUNPATH_SEARCH_PATHS = (
					"$(inherited)",
					"@executable_path/Frameworks",
				);
				MARKETING_VERSION = 1.0;
				PRODUCT_BUNDLE_IDENTIFIER = com.pysarenkodev.NetworkTracker;
				PRODUCT_NAME = "$(TARGET_NAME)";
				SWIFT_EMIT_LOC_STRINGS = YES;
				SWIFT_VERSION = 5.0;
				TARGETED_DEVICE_FAMILY = "1,2";
			};
			name = Release;
		};
		A5CB71DD2C411D4200E0367E /* Debug */ = {
			isa = XCBuildConfiguration;
			buildSettings = {
				CODE_SIGN_ENTITLEMENTS = NTFilterDataExt/NTFilterDataExt.entitlements;
				CODE_SIGN_STYLE = Automatic;
				CURRENT_PROJECT_VERSION = 1;
				DEVELOPMENT_TEAM = H32J47ML7Z;
				GENERATE_INFOPLIST_FILE = YES;
				INFOPLIST_FILE = NTFilterDataExt/Info.plist;
				INFOPLIST_KEY_CFBundleDisplayName = NTFilterDataExt;
				INFOPLIST_KEY_NSHumanReadableCopyright = "";
				IPHONEOS_DEPLOYMENT_TARGET = 16.0;
				LD_RUNPATH_SEARCH_PATHS = (
					"$(inherited)",
					"@executable_path/Frameworks",
					"@executable_path/../../Frameworks",
				);
				MARKETING_VERSION = 1.0;
				PRODUCT_BUNDLE_IDENTIFIER = com.pysarenkodev.NetworkTracker.NTFilterDataExt;
				PRODUCT_NAME = "$(TARGET_NAME)";
				SKIP_INSTALL = YES;
				SWIFT_EMIT_LOC_STRINGS = YES;
				SWIFT_VERSION = 5.0;
				TARGETED_DEVICE_FAMILY = "1,2";
			};
			name = Debug;
		};
		A5CB71DE2C411D4200E0367E /* Release */ = {
			isa = XCBuildConfiguration;
			buildSettings = {
				CODE_SIGN_ENTITLEMENTS = NTFilterDataExt/NTFilterDataExt.entitlements;
				CODE_SIGN_STYLE = Automatic;
				CURRENT_PROJECT_VERSION = 1;
				DEVELOPMENT_TEAM = H32J47ML7Z;
				GENERATE_INFOPLIST_FILE = YES;
				INFOPLIST_FILE = NTFilterDataExt/Info.plist;
				INFOPLIST_KEY_CFBundleDisplayName = NTFilterDataExt;
				INFOPLIST_KEY_NSHumanReadableCopyright = "";
				IPHONEOS_DEPLOYMENT_TARGET = 16.0;
				LD_RUNPATH_SEARCH_PATHS = (
					"$(inherited)",
					"@executable_path/Frameworks",
					"@executable_path/../../Frameworks",
				);
				MARKETING_VERSION = 1.0;
				PRODUCT_BUNDLE_IDENTIFIER = com.pysarenkodev.NetworkTracker.NTFilterDataExt;
				PRODUCT_NAME = "$(TARGET_NAME)";
				SKIP_INSTALL = YES;
				SWIFT_EMIT_LOC_STRINGS = YES;
				SWIFT_VERSION = 5.0;
				TARGETED_DEVICE_FAMILY = "1,2";
			};
			name = Release;
		};
/* End XCBuildConfiguration section */

/* Begin XCConfigurationList section */
		A532FA5E2C43DEEF001D9ECB /* Build configuration list for PBXNativeTarget "NTFilterControlExt" */ = {
			isa = XCConfigurationList;
			buildConfigurations = (
				A532FA5F2C43DEEF001D9ECB /* Debug */,
				A532FA602C43DEEF001D9ECB /* Release */,
			);
			defaultConfigurationIsVisible = 0;
			defaultConfigurationName = Release;
		};
		A5537C432C3FC85400E2A7D5 /* Build configuration list for PBXProject "NetworkTracker" */ = {
			isa = XCConfigurationList;
			buildConfigurations = (
				A5537C5D2C3FC85600E2A7D5 /* Debug */,
				A5537C5E2C3FC85600E2A7D5 /* Release */,
			);
			defaultConfigurationIsVisible = 0;
			defaultConfigurationName = Release;
		};
		A5537C5F2C3FC85600E2A7D5 /* Build configuration list for PBXNativeTarget "NetworkTracker" */ = {
			isa = XCConfigurationList;
			buildConfigurations = (
				A5537C602C3FC85600E2A7D5 /* Debug */,
				A5537C612C3FC85600E2A7D5 /* Release */,
			);
			defaultConfigurationIsVisible = 0;
			defaultConfigurationName = Release;
		};
		A5CB71DF2C411D4200E0367E /* Build configuration list for PBXNativeTarget "NTFilterDataExt" */ = {
			isa = XCConfigurationList;
			buildConfigurations = (
				A5CB71DD2C411D4200E0367E /* Debug */,
				A5CB71DE2C411D4200E0367E /* Release */,
			);
			defaultConfigurationIsVisible = 0;
			defaultConfigurationName = Release;
		};
/* End XCConfigurationList section */

/* Begin XCVersionGroup section */
		A5537C542C3FC85400E2A7D5 /* NetworkTracker.xcdatamodeld */ = {
			isa = XCVersionGroup;
			children = (
				A5537C552C3FC85400E2A7D5 /* NetworkTracker.xcdatamodel */,
			);
			currentVersion = A5537C552C3FC85400E2A7D5 /* NetworkTracker.xcdatamodel */;
			path = NetworkTracker.xcdatamodeld;
			sourceTree = "<group>";
			versionGroupType = wrapper.xcdatamodel;
		};
/* End XCVersionGroup section */
	};
	rootObject = A5537C402C3FC85400E2A7D5 /* Project object */;
}
